
Microsoft Visual Studio Solution File, Format Version 12.00
# Visual Studio Version 17
VisualStudioVersion = 17.4.33213.308
MinimumVisualStudioVersion = 10.0.40219.1
Project("{FAE04EC0-301F-11D3-BF4B-00C04F79EFBC}") = "WebApi", "WebApi\WebApi.csproj", "{740E5526-CD82-4D57-916C-6C842359BF82}"
EndProject
Project("{FAE04EC0-301F-11D3-BF4B-00C04F79EFBC}") = "Persistence", "Persistence\Persistence.csproj", "{254A5F62-35B6-4A6A-BA63-AC59C8B970EA}"
EndProject
Project("{FAE04EC0-301F-11D3-BF4B-00C04F79EFBC}") = "Domain", "Domain\Domain.csproj", "{929DD7E3-F2C6-4A9E-865A-C37B60D746DB}"
EndProject
Project("{FAE04EC0-301F-11D3-BF4B-00C04F79EFBC}") = "Application", "Application\Application.csproj", "{782A20BE-CE3F-44CC-85E8-D5B13DF879D7}"
EndProject
Project("{FAE04EC0-301F-11D3-BF4B-00C04F79EFBC}") = "Infrastructure", "Infrastructure\Infrastructure.csproj", "{CEBCEA98-49B8-4291-B47F-836889C2D90F}"
EndProject
Global
	GlobalSection(SolutionConfigurationPlatforms) = preSolution
		Debug|Any CPU = Debug|Any CPU
		Release|Any CPU = Release|Any CPU
	EndGlobalSection
	GlobalSection(ProjectConfigurationPlatforms) = postSolution
		{740E5526-CD82-4D57-916C-6C842359BF82}.Debug|Any CPU.ActiveCfg = Debug|Any CPU
		{740E5526-CD82-4D57-916C-6C842359BF82}.Debug|Any CPU.Build.0 = Debug|Any CPU
		{740E5526-CD82-4D57-916C-6C842359BF82}.Release|Any CPU.ActiveCfg = Release|Any CPU
		{740E5526-CD82-4D57-916C-6C842359BF82}.Release|Any CPU.Build.0 = Release|Any CPU
		{254A5F62-35B6-4A6A-BA63-AC59C8B970EA}.Debug|Any CPU.ActiveCfg = Debug|Any CPU
		{254A5F62-35B6-4A6A-BA63-AC59C8B970EA}.Debug|Any CPU.Build.0 = Debug|Any CPU
		{254A5F62-35B6-4A6A-BA63-AC59C8B970EA}.Release|Any CPU.ActiveCfg = Release|Any CPU
		{254A5F62-35B6-4A6A-BA63-AC59C8B970EA}.Release|Any CPU.Build.0 = Release|Any CPU
		{929DD7E3-F2C6-4A9E-865A-C37B60D746DB}.Debug|Any CPU.ActiveCfg = Debug|Any CPU
		{929DD7E3-F2C6-4A9E-865A-C37B60D746DB}.Debug|Any CPU.Build.0 = Debug|Any CPU
		{929DD7E3-F2C6-4A9E-865A-C37B60D746DB}.Release|Any CPU.ActiveCfg = Release|Any CPU
		{929DD7E3-F2C6-4A9E-865A-C37B60D746DB}.Release|Any CPU.Build.0 = Release|Any CPU
		{782A20BE-CE3F-44CC-85E8-D5B13DF879D7}.Debug|Any CPU.ActiveCfg = Debug|Any CPU
		{782A20BE-CE3F-44CC-85E8-D5B13DF879D7}.Debug|Any CPU.Build.0 = Debug|Any CPU
		{782A20BE-CE3F-44CC-85E8-D5B13DF879D7}.Release|Any CPU.ActiveCfg = Release|Any CPU
		{782A20BE-CE3F-44CC-85E8-D5B13DF879D7}.Release|Any CPU.Build.0 = Release|Any CPU
		{CEBCEA98-49B8-4291-B47F-836889C2D90F}.Debug|Any CPU.ActiveCfg = Debug|Any CPU
		{CEBCEA98-49B8-4291-B47F-836889C2D90F}.Debug|Any CPU.Build.0 = Debug|Any CPU
		{CEBCEA98-49B8-4291-B47F-836889C2D90F}.Release|Any CPU.ActiveCfg = Release|Any CPU
		{CEBCEA98-49B8-4291-B47F-836889C2D90F}.Release|Any CPU.Build.0 = Release|Any CPU
	EndGlobalSection
	GlobalSection(SolutionProperties) = preSolution
		HideSolutionNode = FALSE
	EndGlobalSection
	GlobalSection(ExtensibilityGlobals) = postSolution
		SolutionGuid = {6C1FBD1E-1B1A-48E8-B8B3-2F410CC35F08}
	EndGlobalSection
EndGlobal
